
Microsoft Visual Studio Solution File, Format Version 12.00
# Visual Studio Version 16
VisualStudioVersion = 16.0.30011.22
MinimumVisualStudioVersion = 10.0.40219.1
Project("{FAE04EC0-301F-11D3-BF4B-00C04F79EFBC}") = "MVCApp", "MVCApp\MVCApp.csproj", "{B7E5A558-52E6-48F7-8075-1C6AE3A72FC4}"
EndProject
Project("{00D1A9C2-B5F0-4AF3-8072-F6C62B433612}") = "MVCDemoDB", "MVCDemoDB\MVCDemoDB.sqlproj", "{099A415D-33C0-495F-BE80-68BD9CBA02A0}"
EndProject
Project("{FAE04EC0-301F-11D3-BF4B-00C04F79EFBC}") = "DataLibrary", "DataLibrary\DataLibrary.csproj", "{C9E8E0DE-0D71-43AE-B255-DCDC1CFFBD65}"
EndProject
Global
	GlobalSection(SolutionConfigurationPlatforms) = preSolution
		Debug|Any CPU = Debug|Any CPU
		Release|Any CPU = Release|Any CPU
	EndGlobalSection
	GlobalSection(ProjectConfigurationPlatforms) = postSolution
		{B7E5A558-52E6-48F7-8075-1C6AE3A72FC4}.Debug|Any CPU.ActiveCfg = Debug|Any CPU
		{B7E5A558-52E6-48F7-8075-1C6AE3A72FC4}.Debug|Any CPU.Build.0 = Debug|Any CPU
		{B7E5A558-52E6-48F7-8075-1C6AE3A72FC4}.Release|Any CPU.ActiveCfg = Release|Any CPU
		{B7E5A558-52E6-48F7-8075-1C6AE3A72FC4}.Release|Any CPU.Build.0 = Release|Any CPU
		{099A415D-33C0-495F-BE80-68BD9CBA02A0}.Debug|Any CPU.ActiveCfg = Debug|Any CPU
		{099A415D-33C0-495F-BE80-68BD9CBA02A0}.Debug|Any CPU.Build.0 = Debug|Any CPU
		{099A415D-33C0-495F-BE80-68BD9CBA02A0}.Debug|Any CPU.Deploy.0 = Debug|Any CPU
		{099A415D-33C0-495F-BE80-68BD9CBA02A0}.Release|Any CPU.ActiveCfg = Release|Any CPU
		{099A415D-33C0-495F-BE80-68BD9CBA02A0}.Release|Any CPU.Build.0 = Release|Any CPU
		{099A415D-33C0-495F-BE80-68BD9CBA02A0}.Release|Any CPU.Deploy.0 = Release|Any CPU
		{C9E8E0DE-0D71-43AE-B255-DCDC1CFFBD65}.Debug|Any CPU.ActiveCfg = Debug|Any CPU
		{C9E8E0DE-0D71-43AE-B255-DCDC1CFFBD65}.Debug|Any CPU.Build.0 = Debug|Any CPU
		{C9E8E0DE-0D71-43AE-B255-DCDC1CFFBD65}.Release|Any CPU.ActiveCfg = Release|Any CPU
		{C9E8E0DE-0D71-43AE-B255-DCDC1CFFBD65}.Release|Any CPU.Build.0 = Release|Any CPU
	EndGlobalSection
	GlobalSection(SolutionProperties) = preSolution
		HideSolutionNode = FALSE
	EndGlobalSection
	GlobalSection(ExtensibilityGlobals) = postSolution
		SolutionGuid = {74285CB8-5198-430B-872D-FAD24CB48322}
	EndGlobalSection
EndGlobal
